
Microsoft Visual Studio Solution File, Format Version 12.00
# Visual Studio Version 17
VisualStudioVersion = 17.1.32228.430
MinimumVisualStudioVersion = 10.0.40219.1
Project("{FAE04EC0-301F-11D3-BF4B-00C04F79EFBC}") = "Trabajos", "Trabajos\Trabajos.csproj", "{5407EBF8-9A08-4542-99D6-E2175D80308B}"
EndProject
Global
	GlobalSection(SolutionConfigurationPlatforms) = preSolution
		Debug|Any CPU = Debug|Any CPU
		Release|Any CPU = Release|Any CPU
	EndGlobalSection
	GlobalSection(ProjectConfigurationPlatforms) = postSolution
		{5407EBF8-9A08-4542-99D6-E2175D80308B}.Debug|Any CPU.ActiveCfg = Debug|Any CPU
		{5407EBF8-9A08-4542-99D6-E2175D80308B}.Debug|Any CPU.Build.0 = Debug|Any CPU
		{5407EBF8-9A08-4542-99D6-E2175D80308B}.Release|Any CPU.ActiveCfg = Release|Any CPU
		{5407EBF8-9A08-4542-99D6-E2175D80308B}.Release|Any CPU.Build.0 = Release|Any CPU
	EndGlobalSection
	GlobalSection(SolutionProperties) = preSolution
		HideSolutionNode = FALSE
	EndGlobalSection
	GlobalSection(ExtensibilityGlobals) = postSolution
		SolutionGuid = {DF1D2F1D-E956-4EA0-9C4B-CFF478EF9E65}
	EndGlobalSection
EndGlobal
